
Microsoft Visual Studio Solution File, Format Version 12.00
# Visual Studio Version 17
VisualStudioVersion = 17.14.36109.1 d17.14
MinimumVisualStudioVersion = 10.0.40219.1
Project("{FAE04EC0-301F-11D3-BF4B-00C04F79EFBC}") = "Solution4", "Solution4.8\Solution4.csproj", "{73506D7F-933F-405A-9E76-4CC3ADE48A2E}"
EndProject
Global
	GlobalSection(SolutionConfigurationPlatforms) = preSolution
		Debug|Any CPU = Debug|Any CPU
		Release|Any CPU = Release|Any CPU
	EndGlobalSection
	GlobalSection(ProjectConfigurationPlatforms) = postSolution
		{73506D7F-933F-405A-9E76-4CC3ADE48A2E}.Debug|Any CPU.ActiveCfg = Debug|Any CPU
		{73506D7F-933F-405A-9E76-4CC3ADE48A2E}.Debug|Any CPU.Build.0 = Debug|Any CPU
		{73506D7F-933F-405A-9E76-4CC3ADE48A2E}.Release|Any CPU.ActiveCfg = Release|Any CPU
		{73506D7F-933F-405A-9E76-4CC3ADE48A2E}.Release|Any CPU.Build.0 = Release|Any CPU
	EndGlobalSection
	GlobalSection(SolutionProperties) = preSolution
		HideSolutionNode = FALSE
	EndGlobalSection
	GlobalSection(ExtensibilityGlobals) = postSolution
		SolutionGuid = {C3A9C431-3FD2-47B6-8F49-3A75A959256D}
	EndGlobalSection
EndGlobal
